
Microsoft Visual Studio Solution File, Format Version 12.00
# Visual Studio Version 17
VisualStudioVersion = 17.10.35004.147
MinimumVisualStudioVersion = 10.0.40219.1
Project("{FAE04EC0-301F-11D3-BF4B-00C04F79EFBC}") = "OcelotGateway", "OcelotGateway\OcelotGateway.csproj", "{F2DD5AD6-60A9-4425-A620-F71B4FCADCA2}"
EndProject
Project("{FAE04EC0-301F-11D3-BF4B-00C04F79EFBC}") = "WebAPI.Cart", "WebAPI.Cart\WebAPI.Cart.csproj", "{D10CF8AF-7751-42A7-A695-632D8780F93F}"
EndProject
Project("{FAE04EC0-301F-11D3-BF4B-00C04F79EFBC}") = "WebAPI.Product", "WebAPI.Product\WebAPI.Product.csproj", "{2D7C6B47-C366-4468-9A58-03C5810DFE04}"
EndProject
Global
	GlobalSection(SolutionConfigurationPlatforms) = preSolution
		Debug|Any CPU = Debug|Any CPU
		Release|Any CPU = Release|Any CPU
	EndGlobalSection
	GlobalSection(ProjectConfigurationPlatforms) = postSolution
		{F2DD5AD6-60A9-4425-A620-F71B4FCADCA2}.Debug|Any CPU.ActiveCfg = Debug|Any CPU
		{F2DD5AD6-60A9-4425-A620-F71B4FCADCA2}.Debug|Any CPU.Build.0 = Debug|Any CPU
		{F2DD5AD6-60A9-4425-A620-F71B4FCADCA2}.Release|Any CPU.ActiveCfg = Release|Any CPU
		{F2DD5AD6-60A9-4425-A620-F71B4FCADCA2}.Release|Any CPU.Build.0 = Release|Any CPU
		{D10CF8AF-7751-42A7-A695-632D8780F93F}.Debug|Any CPU.ActiveCfg = Debug|Any CPU
		{D10CF8AF-7751-42A7-A695-632D8780F93F}.Debug|Any CPU.Build.0 = Debug|Any CPU
		{D10CF8AF-7751-42A7-A695-632D8780F93F}.Release|Any CPU.ActiveCfg = Release|Any CPU
		{D10CF8AF-7751-42A7-A695-632D8780F93F}.Release|Any CPU.Build.0 = Release|Any CPU
		{2D7C6B47-C366-4468-9A58-03C5810DFE04}.Debug|Any CPU.ActiveCfg = Debug|Any CPU
		{2D7C6B47-C366-4468-9A58-03C5810DFE04}.Debug|Any CPU.Build.0 = Debug|Any CPU
		{2D7C6B47-C366-4468-9A58-03C5810DFE04}.Release|Any CPU.ActiveCfg = Release|Any CPU
		{2D7C6B47-C366-4468-9A58-03C5810DFE04}.Release|Any CPU.Build.0 = Release|Any CPU
	EndGlobalSection
	GlobalSection(SolutionProperties) = preSolution
		HideSolutionNode = FALSE
	EndGlobalSection
	GlobalSection(ExtensibilityGlobals) = postSolution
		SolutionGuid = {3D4EB249-74FB-4563-AC7F-04A933786321}
	EndGlobalSection
EndGlobal
